// !$*UTF8*$!
{
	archiveVersion = 1;
	classes = {
	};
	objectVersion = 56;
	objects = {

/* Begin PBXBuildFile section */
		0743562E2ABF33D600D2AE0F /* DetailViewController.swift in Sources */ = {isa = PBXBuildFile; fileRef = 0743562C2ABF33D600D2AE0F /* DetailViewController.swift */; };
		0743562F2ABF33D600D2AE0F /* DetailViewController.xib in Resources */ = {isa = PBXBuildFile; fileRef = 0743562D2ABF33D600D2AE0F /* DetailViewController.xib */; };
		074356312ABFB5AF00D2AE0F /* CharacterProtocol.swift in Sources */ = {isa = PBXBuildFile; fileRef = 074356302ABFB5AF00D2AE0F /* CharacterProtocol.swift */; };
		074356342ABFB7C400D2AE0F /* TransformationsViewController.swift in Sources */ = {isa = PBXBuildFile; fileRef = 074356332ABFB7C400D2AE0F /* TransformationsViewController.swift */; };
		074356362ABFB9D600D2AE0F /* Transformations.swift in Sources */ = {isa = PBXBuildFile; fileRef = 074356352ABFB9D600D2AE0F /* Transformations.swift */; };
		074356392ABFBAFC00D2AE0F /* DragonBallHeroesViewController.swift in Sources */ = {isa = PBXBuildFile; fileRef = 074356382ABFBAFC00D2AE0F /* DragonBallHeroesViewController.swift */; };
		076DE2662ABB4ABB00EBB136 /* AppDelegate.swift in Sources */ = {isa = PBXBuildFile; fileRef = 076DE2652ABB4ABB00EBB136 /* AppDelegate.swift */; };
		076DE2682ABB4ABB00EBB136 /* SceneDelegate.swift in Sources */ = {isa = PBXBuildFile; fileRef = 076DE2672ABB4ABB00EBB136 /* SceneDelegate.swift */; };
		076DE26A2ABB4ABB00EBB136 /* LoginViewController.swift in Sources */ = {isa = PBXBuildFile; fileRef = 076DE2692ABB4ABB00EBB136 /* LoginViewController.swift */; };
		076DE26F2ABB4ABC00EBB136 /* Assets.xcassets in Resources */ = {isa = PBXBuildFile; fileRef = 076DE26E2ABB4ABC00EBB136 /* Assets.xcassets */; };
		076DE2722ABB4ABC00EBB136 /* LaunchScreen.storyboard in Resources */ = {isa = PBXBuildFile; fileRef = 076DE2702ABB4ABC00EBB136 /* LaunchScreen.storyboard */; };
		076DE27D2ABB4ABC00EBB136 /* KPHereoesHeroesTests.swift in Sources */ = {isa = PBXBuildFile; fileRef = 076DE27C2ABB4ABC00EBB136 /* KPHereoesHeroesTests.swift */; };
		076DE2962ABB4BDA00EBB136 /* LoginViewController.xib in Resources */ = {isa = PBXBuildFile; fileRef = 076DE2952ABB4BDA00EBB136 /* LoginViewController.xib */; };
		076DE29D2ABD019600EBB136 /* HeroesViewController.swift in Sources */ = {isa = PBXBuildFile; fileRef = 076DE29B2ABD019600EBB136 /* HeroesViewController.swift */; };
		076DE29E2ABD019600EBB136 /* HeroesViewController.xib in Resources */ = {isa = PBXBuildFile; fileRef = 076DE29C2ABD019600EBB136 /* HeroesViewController.xib */; };
		076DE2A12ABD071300EBB136 /* Hero.swift in Sources */ = {isa = PBXBuildFile; fileRef = 076DE2A02ABD071300EBB136 /* Hero.swift */; };
		076DE2A52ABDCCE700EBB136 /* HeroesCell.swift in Sources */ = {isa = PBXBuildFile; fileRef = 076DE2A32ABDCCE700EBB136 /* HeroesCell.swift */; };
		076DE2A62ABDCCE700EBB136 /* HeroesCell.xib in Resources */ = {isa = PBXBuildFile; fileRef = 076DE2A42ABDCCE700EBB136 /* HeroesCell.xib */; };
		079C1D262AC191580072A2DE /* NetworkModel.swift in Sources */ = {isa = PBXBuildFile; fileRef = 079C1D252AC191580072A2DE /* NetworkModel.swift */; };
		079C1D282AC191820072A2DE /* DBHeroResponse.swift in Sources */ = {isa = PBXBuildFile; fileRef = 079C1D272AC191820072A2DE /* DBHeroResponse.swift */; };
		079C1D2A2AC191940072A2DE /* DBHeroRequest.swift in Sources */ = {isa = PBXBuildFile; fileRef = 079C1D292AC191940072A2DE /* DBHeroRequest.swift */; };
		079C1D2C2AC191A60072A2DE /* LoginRequest.swift in Sources */ = {isa = PBXBuildFile; fileRef = 079C1D2B2AC191A60072A2DE /* LoginRequest.swift */; };
		079C1D2E2AC1A0DB0072A2DE /* TransformationResponse.swift in Sources */ = {isa = PBXBuildFile; fileRef = 079C1D2D2AC1A0DB0072A2DE /* TransformationResponse.swift */; };
		079C1D302AC1A1020072A2DE /* TransformationRequest.swift in Sources */ = {isa = PBXBuildFile; fileRef = 079C1D2F2AC1A1020072A2DE /* TransformationRequest.swift */; };
/* End PBXBuildFile section */

/* Begin PBXContainerItemProxy section */
		076DE2792ABB4ABC00EBB136 /* PBXContainerItemProxy */ = {
			isa = PBXContainerItemProxy;
			containerPortal = 076DE25A2ABB4ABB00EBB136 /* Project object */;
			proxyType = 1;
			remoteGlobalIDString = 076DE2612ABB4ABB00EBB136;
			remoteInfo = "Dragon Ball Heroes";
		};
/* End PBXContainerItemProxy section */

/* Begin PBXFileReference section */
		0743562C2ABF33D600D2AE0F /* DetailViewController.swift */ = {isa = PBXFileReference; lastKnownFileType = sourcecode.swift; path = DetailViewController.swift; sourceTree = "<group>"; };
		0743562D2ABF33D600D2AE0F /* DetailViewController.xib */ = {isa = PBXFileReference; lastKnownFileType = file.xib; path = DetailViewController.xib; sourceTree = "<group>"; };
		074356302ABFB5AF00D2AE0F /* CharacterProtocol.swift */ = {isa = PBXFileReference; lastKnownFileType = sourcecode.swift; path = CharacterProtocol.swift; sourceTree = "<group>"; };
		074356332ABFB7C400D2AE0F /* TransformationsViewController.swift */ = {isa = PBXFileReference; lastKnownFileType = sourcecode.swift; path = TransformationsViewController.swift; sourceTree = "<group>"; };
		074356352ABFB9D600D2AE0F /* Transformations.swift */ = {isa = PBXFileReference; lastKnownFileType = sourcecode.swift; path = Transformations.swift; sourceTree = "<group>"; };
		074356382ABFBAFC00D2AE0F /* DragonBallHeroesViewController.swift */ = {isa = PBXFileReference; lastKnownFileType = sourcecode.swift; path = DragonBallHeroesViewController.swift; sourceTree = "<group>"; };
		076DE2622ABB4ABB00EBB136 /* KP-DBHeroes.app */ = {isa = PBXFileReference; explicitFileType = wrapper.application; includeInIndex = 0; path = "KP-DBHeroes.app"; sourceTree = BUILT_PRODUCTS_DIR; };
		076DE2652ABB4ABB00EBB136 /* AppDelegate.swift */ = {isa = PBXFileReference; lastKnownFileType = sourcecode.swift; path = AppDelegate.swift; sourceTree = "<group>"; };
		076DE2672ABB4ABB00EBB136 /* SceneDelegate.swift */ = {isa = PBXFileReference; lastKnownFileType = sourcecode.swift; path = SceneDelegate.swift; sourceTree = "<group>"; };
		076DE2692ABB4ABB00EBB136 /* LoginViewController.swift */ = {isa = PBXFileReference; lastKnownFileType = sourcecode.swift; path = LoginViewController.swift; sourceTree = "<group>"; };
		076DE26E2ABB4ABC00EBB136 /* Assets.xcassets */ = {isa = PBXFileReference; lastKnownFileType = folder.assetcatalog; path = Assets.xcassets; sourceTree = "<group>"; };
		076DE2712ABB4ABC00EBB136 /* Base */ = {isa = PBXFileReference; lastKnownFileType = file.storyboard; name = Base; path = Base.lproj/LaunchScreen.storyboard; sourceTree = "<group>"; };
		076DE2732ABB4ABC00EBB136 /* Info.plist */ = {isa = PBXFileReference; lastKnownFileType = text.plist.xml; path = Info.plist; sourceTree = "<group>"; };
		076DE2782ABB4ABC00EBB136 /* KP-DBHeroesTests.xctest */ = {isa = PBXFileReference; explicitFileType = wrapper.cfbundle; includeInIndex = 0; path = "KP-DBHeroesTests.xctest"; sourceTree = BUILT_PRODUCTS_DIR; };
		076DE27C2ABB4ABC00EBB136 /* KPHereoesHeroesTests.swift */ = {isa = PBXFileReference; lastKnownFileType = sourcecode.swift; path = KPHereoesHeroesTests.swift; sourceTree = "<group>"; };
		076DE2952ABB4BDA00EBB136 /* LoginViewController.xib */ = {isa = PBXFileReference; lastKnownFileType = file.xib; path = LoginViewController.xib; sourceTree = "<group>"; };
		076DE29B2ABD019600EBB136 /* HeroesViewController.swift */ = {isa = PBXFileReference; lastKnownFileType = sourcecode.swift; path = HeroesViewController.swift; sourceTree = "<group>"; };
		076DE29C2ABD019600EBB136 /* HeroesViewController.xib */ = {isa = PBXFileReference; lastKnownFileType = file.xib; path = HeroesViewController.xib; sourceTree = "<group>"; };
		076DE2A02ABD071300EBB136 /* Hero.swift */ = {isa = PBXFileReference; lastKnownFileType = sourcecode.swift; path = Hero.swift; sourceTree = "<group>"; };
		076DE2A32ABDCCE700EBB136 /* HeroesCell.swift */ = {isa = PBXFileReference; lastKnownFileType = sourcecode.swift; path = HeroesCell.swift; sourceTree = "<group>"; };
		076DE2A42ABDCCE700EBB136 /* HeroesCell.xib */ = {isa = PBXFileReference; lastKnownFileType = file.xib; path = HeroesCell.xib; sourceTree = "<group>"; };
		079C1D252AC191580072A2DE /* NetworkModel.swift */ = {isa = PBXFileReference; lastKnownFileType = sourcecode.swift; path = NetworkModel.swift; sourceTree = "<group>"; };
		079C1D272AC191820072A2DE /* DBHeroResponse.swift */ = {isa = PBXFileReference; lastKnownFileType = sourcecode.swift; path = DBHeroResponse.swift; sourceTree = "<group>"; };
		079C1D292AC191940072A2DE /* DBHeroRequest.swift */ = {isa = PBXFileReference; lastKnownFileType = sourcecode.swift; path = DBHeroRequest.swift; sourceTree = "<group>"; };
		079C1D2B2AC191A60072A2DE /* LoginRequest.swift */ = {isa = PBXFileReference; lastKnownFileType = sourcecode.swift; path = LoginRequest.swift; sourceTree = "<group>"; };
		079C1D2D2AC1A0DB0072A2DE /* TransformationResponse.swift */ = {isa = PBXFileReference; lastKnownFileType = sourcecode.swift; path = TransformationResponse.swift; sourceTree = "<group>"; };
		079C1D2F2AC1A1020072A2DE /* TransformationRequest.swift */ = {isa = PBXFileReference; lastKnownFileType = sourcecode.swift; path = TransformationRequest.swift; sourceTree = "<group>"; };
/* End PBXFileReference section */

/* Begin PBXFrameworksBuildPhase section */
		076DE25F2ABB4ABB00EBB136 /* Frameworks */ = {
			isa = PBXFrameworksBuildPhase;
			buildActionMask = 2147483647;
			files = (
			);
			runOnlyForDeploymentPostprocessing = 0;
		};
		076DE2752ABB4ABC00EBB136 /* Frameworks */ = {
			isa = PBXFrameworksBuildPhase;
			buildActionMask = 2147483647;
			files = (
			);
			runOnlyForDeploymentPostprocessing = 0;
		};
/* End PBXFrameworksBuildPhase section */

/* Begin PBXGroup section */
		0743562B2ABF337F00D2AE0F /* Detail */ = {
			isa = PBXGroup;
			children = (
				0743562C2ABF33D600D2AE0F /* DetailViewController.swift */,
				0743562D2ABF33D600D2AE0F /* DetailViewController.xib */,
			);
			path = Detail;
			sourceTree = "<group>";
		};
		076DE2592ABB4ABB00EBB136 = {
			isa = PBXGroup;
			children = (
				076DE2642ABB4ABB00EBB136 /* KP-DBHeroes */,
				076DE27B2ABB4ABC00EBB136 /* KP-DBHeroesTests */,
				076DE2632ABB4ABB00EBB136 /* Products */,
			);
			sourceTree = "<group>";
		};
		076DE2632ABB4ABB00EBB136 /* Products */ = {
			isa = PBXGroup;
			children = (
				076DE2622ABB4ABB00EBB136 /* KP-DBHeroes.app */,
				076DE2782ABB4ABC00EBB136 /* KP-DBHeroesTests.xctest */,
			);
			name = Products;
			sourceTree = "<group>";
		};
		076DE2642ABB4ABB00EBB136 /* KP-DBHeroes */ = {
			isa = PBXGroup;
			children = (
				076DE2652ABB4ABB00EBB136 /* AppDelegate.swift */,
				076DE2672ABB4ABB00EBB136 /* SceneDelegate.swift */,
				079C1D242AC1913E0072A2DE /* Models */,
				076DE2972ABD006C00EBB136 /* Views */,
				076DE26E2ABB4ABC00EBB136 /* Assets.xcassets */,
				076DE2702ABB4ABC00EBB136 /* LaunchScreen.storyboard */,
				076DE2732ABB4ABC00EBB136 /* Info.plist */,
			);
			path = "KP-DBHeroes";
			sourceTree = "<group>";
		};
		076DE27B2ABB4ABC00EBB136 /* KP-DBHeroesTests */ = {
			isa = PBXGroup;
			children = (
				076DE27C2ABB4ABC00EBB136 /* KPHereoesHeroesTests.swift */,
			);
			path = "KP-DBHeroesTests";
			sourceTree = "<group>";
		};
		076DE2972ABD006C00EBB136 /* Views */ = {
			isa = PBXGroup;
			children = (
				074356332ABFB7C400D2AE0F /* TransformationsViewController.swift */,
				074356382ABFBAFC00D2AE0F /* DragonBallHeroesViewController.swift */,
				0743562B2ABF337F00D2AE0F /* Detail */,
				076DE29A2ABD00CE00EBB136 /* Hero List */,
				076DE2982ABD007D00EBB136 /* Login */,
			);
			path = Views;
			sourceTree = "<group>";
		};
		076DE2982ABD007D00EBB136 /* Login */ = {
			isa = PBXGroup;
			children = (
				076DE2692ABB4ABB00EBB136 /* LoginViewController.swift */,
				076DE2952ABB4BDA00EBB136 /* LoginViewController.xib */,
			);
			path = Login;
			sourceTree = "<group>";
		};
		076DE29A2ABD00CE00EBB136 /* Hero List */ = {
			isa = PBXGroup;
			children = (
				076DE2A22ABDCC7000EBB136 /* Cells */,
				076DE29B2ABD019600EBB136 /* HeroesViewController.swift */,
				076DE29C2ABD019600EBB136 /* HeroesViewController.xib */,
			);
			path = "Hero List";
			sourceTree = "<group>";
		};
		076DE2A22ABDCC7000EBB136 /* Cells */ = {
			isa = PBXGroup;
			children = (
				076DE2A32ABDCCE700EBB136 /* HeroesCell.swift */,
				076DE2A42ABDCCE700EBB136 /* HeroesCell.xib */,
			);
			path = Cells;
			sourceTree = "<group>";
		};
		079C1D242AC1913E0072A2DE /* Models */ = {
			isa = PBXGroup;
			children = (
				074356302ABFB5AF00D2AE0F /* CharacterProtocol.swift */,
				079C1D272AC191820072A2DE /* DBHeroResponse.swift */,
				079C1D292AC191940072A2DE /* DBHeroRequest.swift */,
				076DE2A02ABD071300EBB136 /* Hero.swift */,
				079C1D2B2AC191A60072A2DE /* LoginRequest.swift */,
				079C1D252AC191580072A2DE /* NetworkModel.swift */,
				074356352ABFB9D600D2AE0F /* Transformations.swift */,
				079C1D2D2AC1A0DB0072A2DE /* TransformationResponse.swift */,
				079C1D2F2AC1A1020072A2DE /* TransformationRequest.swift */,
			);
			name = Models;
			path = Network/Models;
			sourceTree = "<group>";
		};
/* End PBXGroup section */

/* Begin PBXNativeTarget section */
		076DE2612ABB4ABB00EBB136 /* KP-DBHeroes */ = {
			isa = PBXNativeTarget;
			buildConfigurationList = 076DE28C2ABB4ABC00EBB136 /* Build configuration list for PBXNativeTarget "KP-DBHeroes" */;
			buildPhases = (
				076DE25E2ABB4ABB00EBB136 /* Sources */,
				076DE25F2ABB4ABB00EBB136 /* Frameworks */,
				076DE2602ABB4ABB00EBB136 /* Resources */,
			);
			buildRules = (
			);
			dependencies = (
			);
			name = "KP-DBHeroes";
			productName = "Dragon Ball Heroes";
			productReference = 076DE2622ABB4ABB00EBB136 /* KP-DBHeroes.app */;
			productType = "com.apple.product-type.application";
		};
		076DE2772ABB4ABC00EBB136 /* KP-DBHeroesTests */ = {
			isa = PBXNativeTarget;
			buildConfigurationList = 076DE28F2ABB4ABC00EBB136 /* Build configuration list for PBXNativeTarget "KP-DBHeroesTests" */;
			buildPhases = (
				076DE2742ABB4ABC00EBB136 /* Sources */,
				076DE2752ABB4ABC00EBB136 /* Frameworks */,
				076DE2762ABB4ABC00EBB136 /* Resources */,
			);
			buildRules = (
			);
			dependencies = (
				076DE27A2ABB4ABC00EBB136 /* PBXTargetDependency */,
			);
			name = "KP-DBHeroesTests";
			productName = "Dragon Ball HeroesTests";
			productReference = 076DE2782ABB4ABC00EBB136 /* KP-DBHeroesTests.xctest */;
			productType = "com.apple.product-type.bundle.unit-test";
		};
/* End PBXNativeTarget section */

/* Begin PBXProject section */
		076DE25A2ABB4ABB00EBB136 /* Project object */ = {
			isa = PBXProject;
			attributes = {
				BuildIndependentTargetsInParallel = 1;
				LastSwiftUpdateCheck = 1430;
				LastUpgradeCheck = 1430;
				TargetAttributes = {
					076DE2612ABB4ABB00EBB136 = {
						CreatedOnToolsVersion = 14.3.1;
					};
					076DE2772ABB4ABC00EBB136 = {
						CreatedOnToolsVersion = 14.3.1;
						TestTargetID = 076DE2612ABB4ABB00EBB136;
					};
				};
			};
			buildConfigurationList = 076DE25D2ABB4ABB00EBB136 /* Build configuration list for PBXProject "KP-DBHeroes" */;
			compatibilityVersion = "Xcode 14.0";
			developmentRegion = en;
			hasScannedForEncodings = 0;
			knownRegions = (
				en,
				Base,
			);
			mainGroup = 076DE2592ABB4ABB00EBB136;
			productRefGroup = 076DE2632ABB4ABB00EBB136 /* Products */;
			projectDirPath = "";
			projectRoot = "";
			targets = (
				076DE2612ABB4ABB00EBB136 /* KP-DBHeroes */,
				076DE2772ABB4ABC00EBB136 /* KP-DBHeroesTests */,
			);
		};
/* End PBXProject section */

/* Begin PBXResourcesBuildPhase section */
		076DE2602ABB4ABB00EBB136 /* Resources */ = {
			isa = PBXResourcesBuildPhase;
			buildActionMask = 2147483647;
			files = (
				076DE2722ABB4ABC00EBB136 /* LaunchScreen.storyboard in Resources */,
				0743562F2ABF33D600D2AE0F /* DetailViewController.xib in Resources */,
				076DE2A62ABDCCE700EBB136 /* HeroesCell.xib in Resources */,
				076DE2962ABB4BDA00EBB136 /* LoginViewController.xib in Resources */,
				076DE29E2ABD019600EBB136 /* HeroesViewController.xib in Resources */,
				076DE26F2ABB4ABC00EBB136 /* Assets.xcassets in Resources */,
			);
			runOnlyForDeploymentPostprocessing = 0;
		};
		076DE2762ABB4ABC00EBB136 /* Resources */ = {
			isa = PBXResourcesBuildPhase;
			buildActionMask = 2147483647;
			files = (
			);
			runOnlyForDeploymentPostprocessing = 0;
		};
/* End PBXResourcesBuildPhase section */

/* Begin PBXSourcesBuildPhase section */
		076DE25E2ABB4ABB00EBB136 /* Sources */ = {
			isa = PBXSourcesBuildPhase;
			buildActionMask = 2147483647;
			files = (
				0743562E2ABF33D600D2AE0F /* DetailViewController.swift in Sources */,
				076DE2A12ABD071300EBB136 /* Hero.swift in Sources */,
				079C1D262AC191580072A2DE /* NetworkModel.swift in Sources */,
				079C1D2C2AC191A60072A2DE /* LoginRequest.swift in Sources */,
				079C1D302AC1A1020072A2DE /* TransformationRequest.swift in Sources */,
				076DE2A52ABDCCE700EBB136 /* HeroesCell.swift in Sources */,
				074356312ABFB5AF00D2AE0F /* CharacterProtocol.swift in Sources */,
				079C1D2A2AC191940072A2DE /* DBHeroRequest.swift in Sources */,
				074356362ABFB9D600D2AE0F /* Transformations.swift in Sources */,
				076DE26A2ABB4ABB00EBB136 /* LoginViewController.swift in Sources */,
				076DE2662ABB4ABB00EBB136 /* AppDelegate.swift in Sources */,
				074356342ABFB7C400D2AE0F /* TransformationsViewController.swift in Sources */,
				076DE29D2ABD019600EBB136 /* HeroesViewController.swift in Sources */,
				074356392ABFBAFC00D2AE0F /* DragonBallHeroesViewController.swift in Sources */,
				079C1D2E2AC1A0DB0072A2DE /* TransformationResponse.swift in Sources */,
				076DE2682ABB4ABB00EBB136 /* SceneDelegate.swift in Sources */,
				079C1D282AC191820072A2DE /* DBHeroResponse.swift in Sources */,
			);
			runOnlyForDeploymentPostprocessing = 0;
		};
		076DE2742ABB4ABC00EBB136 /* Sources */ = {
			isa = PBXSourcesBuildPhase;
			buildActionMask = 2147483647;
			files = (
				076DE27D2ABB4ABC00EBB136 /* KPHereoesHeroesTests.swift in Sources */,
			);
			runOnlyForDeploymentPostprocessing = 0;
		};
/* End PBXSourcesBuildPhase section */

/* Begin PBXTargetDependency section */
		076DE27A2ABB4ABC00EBB136 /* PBXTargetDependency */ = {
			isa = PBXTargetDependency;
			target = 076DE2612ABB4ABB00EBB136 /* KP-DBHeroes */;
			targetProxy = 076DE2792ABB4ABC00EBB136 /* PBXContainerItemProxy */;
		};
/* End PBXTargetDependency section */

/* Begin PBXVariantGroup section */
		076DE2702ABB4ABC00EBB136 /* LaunchScreen.storyboard */ = {
			isa = PBXVariantGroup;
			children = (
				076DE2712ABB4ABC00EBB136 /* Base */,
			);
			name = LaunchScreen.storyboard;
			sourceTree = "<group>";
		};
/* End PBXVariantGroup section */

/* Begin XCBuildConfiguration section */
		076DE28A2ABB4ABC00EBB136 /* Debug */ = {
			isa = XCBuildConfiguration;
			buildSettings = {
				ALWAYS_SEARCH_USER_PATHS = NO;
				CLANG_ANALYZER_NONNULL = YES;
				CLANG_ANALYZER_NUMBER_OBJECT_CONVERSION = YES_AGGRESSIVE;
				CLANG_CXX_LANGUAGE_STANDARD = "gnu++20";
				CLANG_ENABLE_MODULES = YES;
				CLANG_ENABLE_OBJC_ARC = YES;
				CLANG_ENABLE_OBJC_WEAK = YES;
				CLANG_WARN_BLOCK_CAPTURE_AUTORELEASING = YES;
				CLANG_WARN_BOOL_CONVERSION = YES;
				CLANG_WARN_COMMA = YES;
				CLANG_WARN_CONSTANT_CONVERSION = YES;
				CLANG_WARN_DEPRECATED_OBJC_IMPLEMENTATIONS = YES;
				CLANG_WARN_DIRECT_OBJC_ISA_USAGE = YES_ERROR;
				CLANG_WARN_DOCUMENTATION_COMMENTS = YES;
				CLANG_WARN_EMPTY_BODY = YES;
				CLANG_WARN_ENUM_CONVERSION = YES;
				CLANG_WARN_INFINITE_RECURSION = YES;
				CLANG_WARN_INT_CONVERSION = YES;
				CLANG_WARN_NON_LITERAL_NULL_CONVERSION = YES;
				CLANG_WARN_OBJC_IMPLICIT_RETAIN_SELF = YES;
				CLANG_WARN_OBJC_LITERAL_CONVERSION = YES;
				CLANG_WARN_OBJC_ROOT_CLASS = YES_ERROR;
				CLANG_WARN_QUOTED_INCLUDE_IN_FRAMEWORK_HEADER = YES;
				CLANG_WARN_RANGE_LOOP_ANALYSIS = YES;
				CLANG_WARN_STRICT_PROTOTYPES = YES;
				CLANG_WARN_SUSPICIOUS_MOVE = YES;
				CLANG_WARN_UNGUARDED_AVAILABILITY = YES_AGGRESSIVE;
				CLANG_WARN_UNREACHABLE_CODE = YES;
				CLANG_WARN__DUPLICATE_METHOD_MATCH = YES;
				COPY_PHASE_STRIP = NO;
				DEBUG_INFORMATION_FORMAT = dwarf;
				ENABLE_STRICT_OBJC_MSGSEND = YES;
				ENABLE_TESTABILITY = YES;
				GCC_C_LANGUAGE_STANDARD = gnu11;
				GCC_DYNAMIC_NO_PIC = NO;
				GCC_NO_COMMON_BLOCKS = YES;
				GCC_OPTIMIZATION_LEVEL = 0;
				GCC_PREPROCESSOR_DEFINITIONS = (
					"DEBUG=1",
					"$(inherited)",
				);
				GCC_WARN_64_TO_32_BIT_CONVERSION = YES;
				GCC_WARN_ABOUT_RETURN_TYPE = YES_ERROR;
				GCC_WARN_UNDECLARED_SELECTOR = YES;
				GCC_WARN_UNINITIALIZED_AUTOS = YES_AGGRESSIVE;
				GCC_WARN_UNUSED_FUNCTION = YES;
				GCC_WARN_UNUSED_VARIABLE = YES;
				IPHONEOS_DEPLOYMENT_TARGET = 16.4;
				MTL_ENABLE_DEBUG_INFO = INCLUDE_SOURCE;
				MTL_FAST_MATH = YES;
				ONLY_ACTIVE_ARCH = YES;
				SDKROOT = iphoneos;
				SWIFT_ACTIVE_COMPILATION_CONDITIONS = DEBUG;
				SWIFT_OPTIMIZATION_LEVEL = "-Onone";
			};
			name = Debug;
		};
		076DE28B2ABB4ABC00EBB136 /* Release */ = {
			isa = XCBuildConfiguration;
			buildSettings = {
				ALWAYS_SEARCH_USER_PATHS = NO;
				CLANG_ANALYZER_NONNULL = YES;
				CLANG_ANALYZER_NUMBER_OBJECT_CONVERSION = YES_AGGRESSIVE;
				CLANG_CXX_LANGUAGE_STANDARD = "gnu++20";
				CLANG_ENABLE_MODULES = YES;
				CLANG_ENABLE_OBJC_ARC = YES;
				CLANG_ENABLE_OBJC_WEAK = YES;
				CLANG_WARN_BLOCK_CAPTURE_AUTORELEASING = YES;
				CLANG_WARN_BOOL_CONVERSION = YES;
				CLANG_WARN_COMMA = YES;
				CLANG_WARN_CONSTANT_CONVERSION = YES;
				CLANG_WARN_DEPRECATED_OBJC_IMPLEMENTATIONS = YES;
				CLANG_WARN_DIRECT_OBJC_ISA_USAGE = YES_ERROR;
				CLANG_WARN_DOCUMENTATION_COMMENTS = YES;
				CLANG_WARN_EMPTY_BODY = YES;
				CLANG_WARN_ENUM_CONVERSION = YES;
				CLANG_WARN_INFINITE_RECURSION = YES;
				CLANG_WARN_INT_CONVERSION = YES;
				CLANG_WARN_NON_LITERAL_NULL_CONVERSION = YES;
				CLANG_WARN_OBJC_IMPLICIT_RETAIN_SELF = YES;
				CLANG_WARN_OBJC_LITERAL_CONVERSION = YES;
				CLANG_WARN_OBJC_ROOT_CLASS = YES_ERROR;
				CLANG_WARN_QUOTED_INCLUDE_IN_FRAMEWORK_HEADER = YES;
				CLANG_WARN_RANGE_LOOP_ANALYSIS = YES;
				CLANG_WARN_STRICT_PROTOTYPES = YES;
				CLANG_WARN_SUSPICIOUS_MOVE = YES;
				CLANG_WARN_UNGUARDED_AVAILABILITY = YES_AGGRESSIVE;
				CLANG_WARN_UNREACHABLE_CODE = YES;
				CLANG_WARN__DUPLICATE_METHOD_MATCH = YES;
				COPY_PHASE_STRIP = NO;
				DEBUG_INFORMATION_FORMAT = "dwarf-with-dsym";
				ENABLE_NS_ASSERTIONS = NO;
				ENABLE_STRICT_OBJC_MSGSEND = YES;
				GCC_C_LANGUAGE_STANDARD = gnu11;
				GCC_NO_COMMON_BLOCKS = YES;
				GCC_WARN_64_TO_32_BIT_CONVERSION = YES;
				GCC_WARN_ABOUT_RETURN_TYPE = YES_ERROR;
				GCC_WARN_UNDECLARED_SELECTOR = YES;
				GCC_WARN_UNINITIALIZED_AUTOS = YES_AGGRESSIVE;
				GCC_WARN_UNUSED_FUNCTION = YES;
				GCC_WARN_UNUSED_VARIABLE = YES;
				IPHONEOS_DEPLOYMENT_TARGET = 16.4;
				MTL_ENABLE_DEBUG_INFO = NO;
				MTL_FAST_MATH = YES;
				SDKROOT = iphoneos;
				SWIFT_COMPILATION_MODE = wholemodule;
				SWIFT_OPTIMIZATION_LEVEL = "-O";
				VALIDATE_PRODUCT = YES;
			};
			name = Release;
		};
		076DE28D2ABB4ABC00EBB136 /* Debug */ = {
			isa = XCBuildConfiguration;
			buildSettings = {
				ASSETCATALOG_COMPILER_APPICON_NAME = AppIcon;
				ASSETCATALOG_COMPILER_GLOBAL_ACCENT_COLOR_NAME = AccentColor;
				CODE_SIGN_STYLE = Automatic;
				CURRENT_PROJECT_VERSION = 1;
				DEVELOPMENT_TEAM = "";
				GENERATE_INFOPLIST_FILE = YES;
				INFOPLIST_FILE = "KP-DBHeroes/Info.plist";
				INFOPLIST_KEY_CFBundleDisplayName = "Dragon Ball Heroes";
				INFOPLIST_KEY_LSApplicationCategoryType = "public.app-category.news";
				INFOPLIST_KEY_UIApplicationSupportsIndirectInputEvents = YES;
				INFOPLIST_KEY_UILaunchStoryboardName = LaunchScreen;
				INFOPLIST_KEY_UIMainStoryboardFile = "";
				INFOPLIST_KEY_UISupportedInterfaceOrientations_iPad = "UIInterfaceOrientationPortrait UIInterfaceOrientationPortraitUpsideDown UIInterfaceOrientationLandscapeLeft UIInterfaceOrientationLandscapeRight";
				INFOPLIST_KEY_UISupportedInterfaceOrientations_iPhone = "UIInterfaceOrientationPortrait UIInterfaceOrientationLandscapeLeft UIInterfaceOrientationLandscapeRight";
				IPHONEOS_DEPLOYMENT_TARGET = 17.0;
				LD_RUNPATH_SEARCH_PATHS = (
					"$(inherited)",
					"@executable_path/Frameworks",
				);
				MARKETING_VERSION = 1.0;
				PRODUCT_BUNDLE_IDENTIFIER = "com.DanielCazorro.KP-DBHeroes";
				PRODUCT_NAME = "$(TARGET_NAME)";
				SWIFT_EMIT_LOC_STRINGS = YES;
				SWIFT_VERSION = 5.0;
				TARGETED_DEVICE_FAMILY = "1,2";
			};
			name = Debug;
		};
		076DE28E2ABB4ABC00EBB136 /* Release */ = {
			isa = XCBuildConfiguration;
			buildSettings = {
				ASSETCATALOG_COMPILER_APPICON_NAME = AppIcon;
				ASSETCATALOG_COMPILER_GLOBAL_ACCENT_COLOR_NAME = AccentColor;
				CODE_SIGN_STYLE = Automatic;
				CURRENT_PROJECT_VERSION = 1;
				DEVELOPMENT_TEAM = "";
				GENERATE_INFOPLIST_FILE = YES;
				INFOPLIST_FILE = "KP-DBHeroes/Info.plist";
				INFOPLIST_KEY_CFBundleDisplayName = "Dragon Ball Heroes";
				INFOPLIST_KEY_LSApplicationCategoryType = "public.app-category.news";
				INFOPLIST_KEY_UIApplicationSupportsIndirectInputEvents = YES;
				INFOPLIST_KEY_UILaunchStoryboardName = LaunchScreen;
				INFOPLIST_KEY_UIMainStoryboardFile = "";
				INFOPLIST_KEY_UISupportedInterfaceOrientations_iPad = "UIInterfaceOrientationPortrait UIInterfaceOrientationPortraitUpsideDown UIInterfaceOrientationLandscapeLeft UIInterfaceOrientationLandscapeRight";
				INFOPLIST_KEY_UISupportedInterfaceOrientations_iPhone = "UIInterfaceOrientationPortrait UIInterfaceOrientationLandscapeLeft UIInterfaceOrientationLandscapeRight";
				IPHONEOS_DEPLOYMENT_TARGET = 17.0;
				LD_RUNPATH_SEARCH_PATHS = (
					"$(inherited)",
					"@executable_path/Frameworks",
				);
				MARKETING_VERSION = 1.0;
				PRODUCT_BUNDLE_IDENTIFIER = "com.DanielCazorro.KP-DBHeroes";
				PRODUCT_NAME = "$(TARGET_NAME)";
				SWIFT_EMIT_LOC_STRINGS = YES;
				SWIFT_VERSION = 5.0;
				TARGETED_DEVICE_FAMILY = "1,2";
			};
			name = Release;
		};
		076DE2902ABB4ABC00EBB136 /* Debug */ = {
			isa = XCBuildConfiguration;
			buildSettings = {
				ALWAYS_EMBED_SWIFT_STANDARD_LIBRARIES = YES;
				BUNDLE_LOADER = "$(TEST_HOST)";
				CODE_SIGN_STYLE = Automatic;
				CURRENT_PROJECT_VERSION = 1;
				DEVELOPMENT_TEAM = "";
				GENERATE_INFOPLIST_FILE = YES;
				IPHONEOS_DEPLOYMENT_TARGET = 17.0;
				MARKETING_VERSION = 1.0;
				PRODUCT_BUNDLE_IDENTIFIER = "com.DanielCazorro.KP-DBHeroesTests";
				PRODUCT_NAME = "$(TARGET_NAME)";
				SWIFT_EMIT_LOC_STRINGS = NO;
				SWIFT_VERSION = 5.0;
				TARGETED_DEVICE_FAMILY = "1,2";
				TEST_HOST = "$(BUILT_PRODUCTS_DIR)/KP-DBHeroes.app/$(BUNDLE_EXECUTABLE_FOLDER_PATH)/KP-DBHeroes";
			};
			name = Debug;
		};
		076DE2912ABB4ABC00EBB136 /* Release */ = {
			isa = XCBuildConfiguration;
			buildSettings = {
				ALWAYS_EMBED_SWIFT_STANDARD_LIBRARIES = YES;
				BUNDLE_LOADER = "$(TEST_HOST)";
				CODE_SIGN_STYLE = Automatic;
				CURRENT_PROJECT_VERSION = 1;
				DEVELOPMENT_TEAM = "";
				GENERATE_INFOPLIST_FILE = YES;
				IPHONEOS_DEPLOYMENT_TARGET = 17.0;
				MARKETING_VERSION = 1.0;
				PRODUCT_BUNDLE_IDENTIFIER = "com.DanielCazorro.KP-DBHeroesTests";
				PRODUCT_NAME = "$(TARGET_NAME)";
				SWIFT_EMIT_LOC_STRINGS = NO;
				SWIFT_VERSION = 5.0;
				TARGETED_DEVICE_FAMILY = "1,2";
				TEST_HOST = "$(BUILT_PRODUCTS_DIR)/KP-DBHeroes.app/$(BUNDLE_EXECUTABLE_FOLDER_PATH)/KP-DBHeroes";
			};
			name = Release;
		};
/* End XCBuildConfiguration section */

/* Begin XCConfigurationList section */
		076DE25D2ABB4ABB00EBB136 /* Build configuration list for PBXProject "KP-DBHeroes" */ = {
			isa = XCConfigurationList;
			buildConfigurations = (
				076DE28A2ABB4ABC00EBB136 /* Debug */,
				076DE28B2ABB4ABC00EBB136 /* Release */,
			);
			defaultConfigurationIsVisible = 0;
			defaultConfigurationName = Release;
		};
		076DE28C2ABB4ABC00EBB136 /* Build configuration list for PBXNativeTarget "KP-DBHeroes" */ = {
			isa = XCConfigurationList;
			buildConfigurations = (
				076DE28D2ABB4ABC00EBB136 /* Debug */,
				076DE28E2ABB4ABC00EBB136 /* Release */,
			);
			defaultConfigurationIsVisible = 0;
			defaultConfigurationName = Release;
		};
		076DE28F2ABB4ABC00EBB136 /* Build configuration list for PBXNativeTarget "KP-DBHeroesTests" */ = {
			isa = XCConfigurationList;
			buildConfigurations = (
				076DE2902ABB4ABC00EBB136 /* Debug */,
				076DE2912ABB4ABC00EBB136 /* Release */,
			);
			defaultConfigurationIsVisible = 0;
			defaultConfigurationName = Release;
		};
/* End XCConfigurationList section */
	};
	rootObject = 076DE25A2ABB4ABB00EBB136 /* Project object */;
}
